
Microsoft Visual Studio Solution File, Format Version 12.00
# Visual Studio Version 17
VisualStudioVersion = 17.14.36414.22 d17.14
MinimumVisualStudioVersion = 10.0.40219.1
Project("{FAE04EC0-301F-11D3-BF4B-00C04F79EFBC}") = "SchoolProject", "SchoolProject\SchoolProject.csproj", "{172AE719-78F7-479C-A9DF-9BA8631B7548}"
EndProject
Global
	GlobalSection(SolutionConfigurationPlatforms) = preSolution
		Debug|Any CPU = Debug|Any CPU
		Release|Any CPU = Release|Any CPU
	EndGlobalSection
	GlobalSection(ProjectConfigurationPlatforms) = postSolution
		{172AE719-78F7-479C-A9DF-9BA8631B7548}.Debug|Any CPU.ActiveCfg = Debug|Any CPU
		{172AE719-78F7-479C-A9DF-9BA8631B7548}.Debug|Any CPU.Build.0 = Debug|Any CPU
		{172AE719-78F7-479C-A9DF-9BA8631B7548}.Release|Any CPU.ActiveCfg = Release|Any CPU
		{172AE719-78F7-479C-A9DF-9BA8631B7548}.Release|Any CPU.Build.0 = Release|Any CPU
	EndGlobalSection
	GlobalSection(SolutionProperties) = preSolution
		HideSolutionNode = FALSE
	EndGlobalSection
	GlobalSection(ExtensibilityGlobals) = postSolution
		SolutionGuid = {C58B31B0-B22F-4D38-95AF-38C39D70C747}
	EndGlobalSection
EndGlobal
